
Microsoft Visual Studio Solution File, Format Version 12.00
# Visual Studio Version 17
VisualStudioVersion = 17.13.35806.99
MinimumVisualStudioVersion = 10.0.40219.1
Project("{FAE04EC0-301F-11D3-BF4B-00C04F79EFBC}") = "projet_dotnet", "projet_dotnet.csproj", "{6CE52ACC-D918-4053-A805-E4E6A5F1CAAB}"
EndProject
Global
	GlobalSection(SolutionConfigurationPlatforms) = preSolution
		Debug|Any CPU = Debug|Any CPU
		Release|Any CPU = Release|Any CPU
	EndGlobalSection
	GlobalSection(ProjectConfigurationPlatforms) = postSolution
		{6CE52ACC-D918-4053-A805-E4E6A5F1CAAB}.Debug|Any CPU.ActiveCfg = Debug|Any CPU
		{6CE52ACC-D918-4053-A805-E4E6A5F1CAAB}.Debug|Any CPU.Build.0 = Debug|Any CPU
		{6CE52ACC-D918-4053-A805-E4E6A5F1CAAB}.Release|Any CPU.ActiveCfg = Release|Any CPU
		{6CE52ACC-D918-4053-A805-E4E6A5F1CAAB}.Release|Any CPU.Build.0 = Release|Any CPU
	EndGlobalSection
	GlobalSection(SolutionProperties) = preSolution
		HideSolutionNode = FALSE
	EndGlobalSection
	GlobalSection(ExtensibilityGlobals) = postSolution
		SolutionGuid = {6E914972-5045-4A28-B951-6CA2FAB9DBD6}
	EndGlobalSection
EndGlobal
